
Microsoft Visual Studio Solution File, Format Version 12.00
# Visual Studio 15
VisualStudioVersion = 15.0.28010.2046
MinimumVisualStudioVersion = 10.0.40219.1
Project("{FAE04EC0-301F-11D3-BF4B-00C04F79EFBC}") = "ResonateL100", "ResonateL100\ResonateL100.csproj", "{7E7CE4EF-9D32-4E63-B008-9407BBBDC003}"
EndProject
Global
	GlobalSection(SolutionConfigurationPlatforms) = preSolution
		Debug|Any CPU = Debug|Any CPU
		Release|Any CPU = Release|Any CPU
	EndGlobalSection
	GlobalSection(ProjectConfigurationPlatforms) = postSolution
		{7E7CE4EF-9D32-4E63-B008-9407BBBDC003}.Debug|Any CPU.ActiveCfg = Debug|Any CPU
		{7E7CE4EF-9D32-4E63-B008-9407BBBDC003}.Debug|Any CPU.Build.0 = Debug|Any CPU
		{7E7CE4EF-9D32-4E63-B008-9407BBBDC003}.Release|Any CPU.ActiveCfg = Release|Any CPU
		{7E7CE4EF-9D32-4E63-B008-9407BBBDC003}.Release|Any CPU.Build.0 = Release|Any CPU
	EndGlobalSection
	GlobalSection(SolutionProperties) = preSolution
		HideSolutionNode = FALSE
	EndGlobalSection
	GlobalSection(ExtensibilityGlobals) = postSolution
		SolutionGuid = {6E90D557-75A3-47E9-A8F2-280267FF780D}
	EndGlobalSection
EndGlobal
